# THIS IS AN AUTOGENERATED FILE. DO NOT EDIT THIS FILE DIRECTLY.
# yarn lockfile v1


"@progress/kendo-ui@^2018.1.312":
  version "2018.1.312"
  resolved "https://registry.yarnpkg.com/@progress/kendo-ui/-/kendo-ui-2018.1.312.tgz#42193bf54f9bbcec4f613998f19ac37811c409fc"
  dependencies:
    jquery "<=3"

angular-route@^1.6.9:
  version "1.6.9"
  resolved "https://registry.yarnpkg.com/angular-route/-/angular-route-1.6.9.tgz#73c63cec6a8a6b924698aec635eac32aa41f5e2b"

angular@^1.6.9:
  version "1.6.9"
  resolved "https://registry.yarnpkg.com/angular/-/angular-1.6.9.tgz#bc812932e18909038412d594a5990f4bb66c0619"

jquery@<=3, jquery@^3.3.1:
  version "3.3.1"
  resolved "https://registry.yarnpkg.com/jquery/-/jquery-3.3.1.tgz#958ce29e81c9790f31be7792df5d4d95fc57fbca"
